{
	"requires": true,
	"lockfileVersion": 1,
	"dependencies": {
		"@types/node": {
			"version": "9.6.4",
			"resolved": "https://fluentweb.pkgs.visualstudio.com/_packaging/ms.fw/npm/registry/@types/node/-/node-9.6.4.tgz",
			"integrity": "sha512-Awg4BcUYiZtNKoveGOu654JVPt11V/KIC77iBz8NweyoOAZpz5rUJfPDwwD+ajfTs2HndbTCEB8IuLfX9m/mmw=="
		},
		"ansi-regex": {
			"version": "2.1.1",
			"resolved": "https://fluentweb.pkgs.visualstudio.com/_packaging/ms.fw/npm/registry/ansi-regex/-/ansi-regex-2.1.1.tgz",
			"integrity": "sha1-w7M6te42DYbg5ijwRorn7yfWVN8="
		},
		"ansi-styles": {
			"version": "3.2.1",
			"resolved": "https://fluentweb.pkgs.visualstudio.com/_packaging/ms.fw/npm/registry/ansi-styles/-/ansi-styles-3.2.1.tgz",
			"integrity": "sha512-VT0ZI6kZRdTh8YyJw3SMbYm/u+NqfsAxEpWO0Pf9sq8/e94WxxOpPKx9FR1FlyCtOVDNOQ+8ntlqFxiRc+r5qA==",
			"requires": {
				"color-convert": "1.9.1"
			}
		},
		"argparse": {
			"version": "1.0.10",
			"resolved": "https://fluentweb.pkgs.visualstudio.com/_packaging/ms.fw/npm/registry/argparse/-/argparse-1.0.10.tgz",
			"integrity": "sha512-o5Roy6tNG4SL/FOkCAN6RzjiakZS25RLYFrcMttJqbdd8BWrnA+fGz57iN5Pb06pvBGvl5gQ0B48dJlslXvoTg==",
			"requires": {
				"sprintf-js": "1.0.3"
			}
		},
		"arrify": {
			"version": "1.0.1",
			"resolved": "https://fluentweb.pkgs.visualstudio.com/_packaging/ms.fw/npm/registry/arrify/-/arrify-1.0.1.tgz",
			"integrity": "sha1-iYUI2iIm84DfkEcoRWhJwVAaSw0="
		},
		"babel-code-frame": {
			"version": "6.26.0",
			"resolved": "https://fluentweb.pkgs.visualstudio.com/_packaging/ms.fw/npm/registry/babel-code-frame/-/babel-code-frame-6.26.0.tgz",
			"integrity": "sha1-Y/1D99weO7fONZR9uP42mj9Yx0s=",
			"requires": {
				"chalk": "1.1.3",
				"esutils": "2.0.2",
				"js-tokens": "3.0.2"
			},
			"dependencies": {
				"ansi-styles": {
					"version": "2.2.1",
					"resolved": "https://fluentweb.pkgs.visualstudio.com/_packaging/ms.fw/npm/registry/ansi-styles/-/ansi-styles-2.2.1.tgz",
					"integrity": "sha1-tDLdM1i2NM914eRmQ2gkBTPB3b4="
				},
				"chalk": {
					"version": "1.1.3",
					"resolved": "https://fluentweb.pkgs.visualstudio.com/_packaging/ms.fw/npm/registry/chalk/-/chalk-1.1.3.tgz",
					"integrity": "sha1-qBFcVeSnAv5NFQq9OHKCKn4J/Jg=",
					"requires": {
						"ansi-styles": "2.2.1",
						"escape-string-regexp": "1.0.5",
						"has-ansi": "2.0.0",
						"strip-ansi": "3.0.1",
						"supports-color": "2.0.0"
					}
				},
				"supports-color": {
					"version": "2.0.0",
					"resolved": "https://fluentweb.pkgs.visualstudio.com/_packaging/ms.fw/npm/registry/supports-color/-/supports-color-2.0.0.tgz",
					"integrity": "sha1-U10EXOa2Nj+kARcIRimZXp3zJMc="
				}
			}
		},
		"balanced-match": {
			"version": "1.0.0",
			"resolved": "https://fluentweb.pkgs.visualstudio.com/_packaging/ms.fw/npm/registry/balanced-match/-/balanced-match-1.0.0.tgz",
			"integrity": "sha1-ibTRmasr7kneFk6gK4nORi1xt2c="
		},
		"brace-expansion": {
			"version": "1.1.11",
			"resolved": "https://fluentweb.pkgs.visualstudio.com/_packaging/ms.fw/npm/registry/brace-expansion/-/brace-expansion-1.1.11.tgz",
			"integrity": "sha512-iCuPHDFgrHX7H2vEI/5xpz07zSHB00TpugqhmYtVmMO6518mCuRMoOYFldEBl0g187ufozdaHgWKcYFb61qGiA==",
			"requires": {
				"balanced-match": "1.0.0",
				"concat-map": "0.0.1"
			}
		},
		"builtin-modules": {
			"version": "1.1.1",
			"resolved": "https://fluentweb.pkgs.visualstudio.com/_packaging/ms.fw/npm/registry/builtin-modules/-/builtin-modules-1.1.1.tgz",
			"integrity": "sha1-Jw8HbFpywC9bZaR9+Uxf46J4iS8="
		},
		"chalk": {
			"version": "2.3.2",
			"resolved": "https://fluentweb.pkgs.visualstudio.com/_packaging/ms.fw/npm/registry/chalk/-/chalk-2.3.2.tgz",
			"integrity": "sha512-ZM4j2/ld/YZDc3Ma8PgN7gyAk+kHMMMyzLNryCPGhWrsfAuDVeuid5bpRFTDgMH9JBK2lA4dyyAkkZYF/WcqDQ==",
			"requires": {
				"ansi-styles": "3.2.1",
				"escape-string-regexp": "1.0.5",
				"supports-color": "5.3.0"
			}
		},
		"color-convert": {
			"version": "1.9.1",
			"resolved": "https://fluentweb.pkgs.visualstudio.com/_packaging/ms.fw/npm/registry/color-convert/-/color-convert-1.9.1.tgz",
			"integrity": "sha512-mjGanIiwQJskCC18rPR6OmrZ6fm2Lc7PeGFYwCmy5J34wC6F1PzdGL6xeMfmgicfYcNLGuVFA3WzXtIDCQSZxQ==",
			"requires": {
				"color-name": "1.1.3"
			}
		},
		"color-name": {
			"version": "1.1.3",
			"resolved": "https://fluentweb.pkgs.visualstudio.com/_packaging/ms.fw/npm/registry/color-name/-/color-name-1.1.3.tgz",
			"integrity": "sha1-p9BVi9icQveV3UIyj3QIMcpTvCU="
		},
		"commander": {
			"version": "2.15.1",
			"resolved": "https://fluentweb.pkgs.visualstudio.com/_packaging/ms.fw/npm/registry/commander/-/commander-2.15.1.tgz",
			"integrity": "sha512-VlfT9F3V0v+jr4yxPc5gg9s62/fIVWsd2Bk2iD435um1NlGMYdVCq+MjcXnhYq2icNOizHr1kK+5TI6H0Hy0ag=="
		},
		"concat-map": {
			"version": "0.0.1",
			"resolved": "https://fluentweb.pkgs.visualstudio.com/_packaging/ms.fw/npm/registry/concat-map/-/concat-map-0.0.1.tgz",
			"integrity": "sha1-2Klr13/Wjfd5OnMDajug1UBdR3s="
		},
		"diff": {
			"version": "3.5.0",
			"resolved": "https://fluentweb.pkgs.visualstudio.com/_packaging/ms.fw/npm/registry/diff/-/diff-3.5.0.tgz",
			"integrity": "sha512-A46qtFgd+g7pDZinpnwiRJtxbC1hpgf0uzP3iG89scHk0AUC7A1TGxf5OiiOUv/JMZR8GOt8hL900hV0bOy5xA=="
		},
		"escape-string-regexp": {
			"version": "1.0.5",
			"resolved": "https://fluentweb.pkgs.visualstudio.com/_packaging/ms.fw/npm/registry/escape-string-regexp/-/escape-string-regexp-1.0.5.tgz",
			"integrity": "sha1-G2HAViGQqN/2rjuyzwIAyhMLhtQ="
		},
		"esprima": {
			"version": "4.0.0",
			"resolved": "https://fluentweb.pkgs.visualstudio.com/_packaging/ms.fw/npm/registry/esprima/-/esprima-4.0.0.tgz",
			"integrity": "sha512-oftTcaMu/EGrEIu904mWteKIv8vMuOgGYo7EhVJJN00R/EED9DCua/xxHRdYnKtcECzVg7xOWhflvJMnqcFZjw=="
		},
		"esutils": {
			"version": "2.0.2",
			"resolved": "https://fluentweb.pkgs.visualstudio.com/_packaging/ms.fw/npm/registry/esutils/-/esutils-2.0.2.tgz",
			"integrity": "sha1-Cr9PHKpbyx96nYrMbepPqqBLrJs="
		},
		"fs.realpath": {
			"version": "1.0.0",
			"resolved": "https://fluentweb.pkgs.visualstudio.com/_packaging/ms.fw/npm/registry/fs.realpath/-/fs.realpath-1.0.0.tgz",
			"integrity": "sha1-FQStJSMVjKpA20onh8sBQRmU6k8="
		},
		"glob": {
			"version": "7.1.2",
			"resolved": "https://fluentweb.pkgs.visualstudio.com/_packaging/ms.fw/npm/registry/glob/-/glob-7.1.2.tgz",
			"integrity": "sha512-MJTUg1kjuLeQCJ+ccE4Vpa6kKVXkPYJ2mOCQyUuKLcLQsdrMCpBPUi8qVE6+YuaJkozeA9NusTAw3hLr8Xe5EQ==",
			"requires": {
				"fs.realpath": "1.0.0",
				"inflight": "1.0.6",
				"inherits": "2.0.3",
				"minimatch": "3.0.4",
				"once": "1.4.0",
				"path-is-absolute": "1.0.1"
			}
		},
		"has-ansi": {
			"version": "2.0.0",
			"resolved": "https://fluentweb.pkgs.visualstudio.com/_packaging/ms.fw/npm/registry/has-ansi/-/has-ansi-2.0.0.tgz",
			"integrity": "sha1-NPUEnOHs3ysGSa8+8k5F7TVBbZE=",
			"requires": {
				"ansi-regex": "2.1.1"
			}
		},
		"has-flag": {
			"version": "3.0.0",
			"resolved": "https://fluentweb.pkgs.visualstudio.com/_packaging/ms.fw/npm/registry/has-flag/-/has-flag-3.0.0.tgz",
			"integrity": "sha1-tdRU3CGZriJWmfNGfloH87lVuv0="
		},
		"inflight": {
			"version": "1.0.6",
			"resolved": "https://fluentweb.pkgs.visualstudio.com/_packaging/ms.fw/npm/registry/inflight/-/inflight-1.0.6.tgz",
			"integrity": "sha1-Sb1jMdfQLQwJvJEKEHW6gWW1bfk=",
			"requires": {
				"once": "1.4.0",
				"wrappy": "1.0.2"
			}
		},
		"inherits": {
			"version": "2.0.3",
			"resolved": "https://fluentweb.pkgs.visualstudio.com/_packaging/ms.fw/npm/registry/inherits/-/inherits-2.0.3.tgz",
			"integrity": "sha1-Yzwsg+PaQqUC9SRmAiSA9CCCYd4="
		},
		"js-tokens": {
			"version": "3.0.2",
			"resolved": "https://fluentweb.pkgs.visualstudio.com/_packaging/ms.fw/npm/registry/js-tokens/-/js-tokens-3.0.2.tgz",
			"integrity": "sha1-mGbfOVECEw449/mWvOtlRDIJwls="
		},
		"js-yaml": {
			"version": "3.11.0",
			"resolved": "https://fluentweb.pkgs.visualstudio.com/_packaging/ms.fw/npm/registry/js-yaml/-/js-yaml-3.11.0.tgz",
			"integrity": "sha512-saJstZWv7oNeOyBh3+Dx1qWzhW0+e6/8eDzo7p5rDFqxntSztloLtuKu+Ejhtq82jsilwOIZYsCz+lIjthg1Hw==",
			"requires": {
				"argparse": "1.0.10",
				"esprima": "4.0.0"
			}
		},
		"make-error": {
			"version": "1.3.4",
			"resolved": "https://fluentweb.pkgs.visualstudio.com/_packaging/ms.fw/npm/registry/make-error/-/make-error-1.3.4.tgz",
			"integrity": "sha512-0Dab5btKVPhibSalc9QGXb559ED7G7iLjFXBaj9Wq8O3vorueR5K5jaE3hkG6ZQINyhA/JgG6Qk4qdFQjsYV6g=="
		},
		"minimatch": {
			"version": "3.0.4",
			"resolved": "https://fluentweb.pkgs.visualstudio.com/_packaging/ms.fw/npm/registry/minimatch/-/minimatch-3.0.4.tgz",
			"integrity": "sha512-yJHVQEhyqPLUTgt9B83PXu6W3rx4MvvHvSUvToogpwoGDOUQ+yDrR0HRot+yOCdCO7u4hX3pWft6kWBBcqh0UA==",
			"requires": {
				"brace-expansion": "1.1.11"
			}
		},
		"minimist": {
			"version": "1.2.0",
			"resolved": "https://fluentweb.pkgs.visualstudio.com/_packaging/ms.fw/npm/registry/minimist/-/minimist-1.2.0.tgz",
			"integrity": "sha1-o1AIsg9BOD7sH7kU9M1d95omQoQ="
		},
		"mkdirp": {
			"version": "0.5.1",
			"resolved": "https://fluentweb.pkgs.visualstudio.com/_packaging/ms.fw/npm/registry/mkdirp/-/mkdirp-0.5.1.tgz",
			"integrity": "sha1-MAV0OOrGz3+MR2fzhkjWaX11yQM=",
			"requires": {
				"minimist": "0.0.8"
			},
			"dependencies": {
				"minimist": {
					"version": "0.0.8",
					"resolved": "https://fluentweb.pkgs.visualstudio.com/_packaging/ms.fw/npm/registry/minimist/-/minimist-0.0.8.tgz",
					"integrity": "sha1-hX/Kv8M5fSYluCKCYuhqp6ARsF0="
				}
			}
		},
		"once": {
			"version": "1.4.0",
			"resolved": "https://fluentweb.pkgs.visualstudio.com/_packaging/ms.fw/npm/registry/once/-/once-1.4.0.tgz",
			"integrity": "sha1-WDsap3WWHUsROsF9nFC6753Xa9E=",
			"requires": {
				"wrappy": "1.0.2"
			}
		},
		"path-is-absolute": {
			"version": "1.0.1",
			"resolved": "https://fluentweb.pkgs.visualstudio.com/_packaging/ms.fw/npm/registry/path-is-absolute/-/path-is-absolute-1.0.1.tgz",
			"integrity": "sha1-F0uSaHNVNP+8es5r9TpanhtcX18="
		},
		"path-parse": {
			"version": "1.0.5",
			"resolved": "https://fluentweb.pkgs.visualstudio.com/_packaging/ms.fw/npm/registry/path-parse/-/path-parse-1.0.5.tgz",
			"integrity": "sha1-PBrfhx6pzWyUMbbqK9dKD/BVxME="
		},
		"resolve": {
			"version": "1.7.0",
			"resolved": "https://fluentweb.pkgs.visualstudio.com/_packaging/ms.fw/npm/registry/resolve/-/resolve-1.7.0.tgz",
			"integrity": "sha512-QdgZ5bjR1WAlpLaO5yHepFvC+o3rCr6wpfE2tpJNMkXdulf2jKomQBdNRQITF3ZKHNlT71syG98yQP03gasgnA==",
			"requires": {
				"path-parse": "1.0.5"
			}
		},
		"semver": {
			"version": "5.5.0",
			"resolved": "https://fluentweb.pkgs.visualstudio.com/_packaging/ms.fw/npm/registry/semver/-/semver-5.5.0.tgz",
			"integrity": "sha512-4SJ3dm0WAwWy/NVeioZh5AntkdJoWKxHxcmyP622fOkgHa4z3R0TdBJICINyaSDE6uNwVc8gZr+ZinwZAH4xIA=="
		},
		"source-map": {
			"version": "0.6.1",
			"resolved": "https://fluentweb.pkgs.visualstudio.com/_packaging/ms.fw/npm/registry/source-map/-/source-map-0.6.1.tgz",
			"integrity": "sha512-UjgapumWlbMhkBgzT7Ykc5YXUT46F0iKu8SGXq0bcwP5dz/h0Plj6enJqjz1Zbq2l5WaqYnrVbwWOWMyF3F47g=="
		},
		"source-map-support": {
			"version": "0.5.4",
			"resolved": "https://fluentweb.pkgs.visualstudio.com/_packaging/ms.fw/npm/registry/source-map-support/-/source-map-support-0.5.4.tgz",
			"integrity": "sha512-PETSPG6BjY1AHs2t64vS2aqAgu6dMIMXJULWFBGbh2Gr8nVLbCFDo6i/RMMvviIQ2h1Z8+5gQhVKSn2je9nmdg==",
			"requires": {
				"source-map": "0.6.1"
			}
		},
		"sprintf-js": {
			"version": "1.0.3",
			"resolved": "https://fluentweb.pkgs.visualstudio.com/_packaging/ms.fw/npm/registry/sprintf-js/-/sprintf-js-1.0.3.tgz",
			"integrity": "sha1-BOaSb2YolTVPPdAVIDYzuFcpfiw="
		},
		"strip-ansi": {
			"version": "3.0.1",
			"resolved": "https://fluentweb.pkgs.visualstudio.com/_packaging/ms.fw/npm/registry/strip-ansi/-/strip-ansi-3.0.1.tgz",
			"integrity": "sha1-ajhfuIU9lS1f8F0Oiq+UJ43GPc8=",
			"requires": {
				"ansi-regex": "2.1.1"
			}
		},
		"supports-color": {
			"version": "5.3.0",
			"resolved": "https://fluentweb.pkgs.visualstudio.com/_packaging/ms.fw/npm/registry/supports-color/-/supports-color-5.3.0.tgz",
			"integrity": "sha512-0aP01LLIskjKs3lq52EC0aGBAJhLq7B2Rd8HC/DR/PtNNpcLilNmHC12O+hu0usQpo7wtHNRqtrhBwtDb0+dNg==",
			"requires": {
				"has-flag": "3.0.0"
			}
		},
		"ts-node": {
			"version": "5.0.1",
			"resolved": "https://fluentweb.pkgs.visualstudio.com/_packaging/ms.fw/npm/registry/ts-node/-/ts-node-5.0.1.tgz",
			"integrity": "sha512-XK7QmDcNHVmZkVtkiwNDWiERRHPyU8nBqZB1+iv2UhOG0q3RQ9HsZ2CMqISlFbxjrYFGfG2mX7bW4dAyxBVzUw==",
			"requires": {
				"arrify": "1.0.1",
				"chalk": "2.3.2",
				"diff": "3.5.0",
				"make-error": "1.3.4",
				"minimist": "1.2.0",
				"mkdirp": "0.5.1",
				"source-map-support": "0.5.4",
				"yn": "2.0.0"
			}
		},
		"tslib": {
			"version": "1.9.0",
			"resolved": "https://fluentweb.pkgs.visualstudio.com/_packaging/ms.fw/npm/registry/tslib/-/tslib-1.9.0.tgz",
			"integrity": "sha512-f/qGG2tUkrISBlQZEjEqoZ3B2+npJjIf04H1wuAv9iA8i04Icp+61KRXxFdha22670NJopsZCIjhC3SnjPRKrQ=="
		},
		"tslint": {
			"version": "5.9.1",
			"resolved": "https://fluentweb.pkgs.visualstudio.com/_packaging/ms.fw/npm/registry/tslint/-/tslint-5.9.1.tgz",
			"integrity": "sha1-ElX4ej/1frCw4fDmEKi0dIBGya4=",
			"requires": {
				"babel-code-frame": "6.26.0",
				"builtin-modules": "1.1.1",
				"chalk": "2.3.2",
				"commander": "2.15.1",
				"diff": "3.5.0",
				"glob": "7.1.2",
				"js-yaml": "3.11.0",
				"minimatch": "3.0.4",
				"resolve": "1.7.0",
				"semver": "5.5.0",
				"tslib": "1.9.0",
				"tsutils": "2.26.1"
			}
		},
		"tsutils": {
			"version": "2.26.1",
			"resolved": "https://fluentweb.pkgs.visualstudio.com/_packaging/ms.fw/npm/registry/tsutils/-/tsutils-2.26.1.tgz",
			"integrity": "sha512-bnm9bcjOqOr1UljleL94wVCDlpa6KjfGaTkefeLch4GRafgDkROxPizbB/FxTEdI++5JqhxczRy/Qub0syNqZA==",
			"requires": {
				"tslib": "1.9.0"
			}
		},
		"typescript": {
			"version": "2.8.1",
			"resolved": "https://fluentweb.pkgs.visualstudio.com/_packaging/ms.fw/npm/registry/typescript/-/typescript-2.8.1.tgz",
			"integrity": "sha512-Ao/f6d/4EPLq0YwzsQz8iXflezpTkQzqAyenTiw4kCUGr1uPiFLC3+fZ+gMZz6eeI/qdRUqvC+HxIJzUAzEFdg=="
		},
		"wrappy": {
			"version": "1.0.2",
			"resolved": "https://fluentweb.pkgs.visualstudio.com/_packaging/ms.fw/npm/registry/wrappy/-/wrappy-1.0.2.tgz",
			"integrity": "sha1-tSQ9jz7BqjXxNkYFvA0QNuMKtp8="
		},
		"yn": {
			"version": "2.0.0",
			"resolved": "https://fluentweb.pkgs.visualstudio.com/_packaging/ms.fw/npm/registry/yn/-/yn-2.0.0.tgz",
			"integrity": "sha1-5a2ryKz0CPY4X8dklWhMiOavaJo="
		}
	}
}
